
Microsoft Visual Studio Solution File, Format Version 12.00
# Visual Studio 15
VisualStudioVersion = 15.0.26730.15
MinimumVisualStudioVersion = 10.0.40219.1
Project("{FAE04EC0-301F-11D3-BF4B-00C04F79EFBC}") = "TreinaWeb.ProdutosMarcas.Dominio", "TreinaWeb.ProdutosMarcas.Dominio\TreinaWeb.ProdutosMarcas.Dominio.csproj", "{415D9C4E-0509-4772-846A-882D301CB54B}"
EndProject
Project("{FAE04EC0-301F-11D3-BF4B-00C04F79EFBC}") = "TreinaWeb.ProdutosMarcas.Persist.EF", "TreinaWeb.ProdutosMarcas.Persist.EF\TreinaWeb.ProdutosMarcas.Persist.EF.csproj", "{B42D6A1D-AA95-4646-9BA5-A6383C0A8DFA}"
EndProject
Project("{FAE04EC0-301F-11D3-BF4B-00C04F79EFBC}") = "TreinaWeb.Repositorio.Comum", "TreinaWeb.Repositorio.Comum\TreinaWeb.Repositorio.Comum.csproj", "{031B027D-8FF1-4BCF-A62A-D975B5342645}"
EndProject
Project("{FAE04EC0-301F-11D3-BF4B-00C04F79EFBC}") = "TreinaWeb.ProdutosMarcas.Repos.EF", "TreinaWeb.ProdutosMarcas.Repos.EF\TreinaWeb.ProdutosMarcas.Repos.EF.csproj", "{6F71304C-2727-4038-BE1C-AAF7C7F3F7D7}"
EndProject
Project("{FAE04EC0-301F-11D3-BF4B-00C04F79EFBC}") = "TreinaWeb.ProdutosMarcas.Apresentacao", "TreinaWeb.ProdutosMarcas.Apresentacao\TreinaWeb.ProdutosMarcas.Apresentacao.csproj", "{C2D4E3C9-A231-4871-8D74-BD656703C296}"
EndProject
Global
	GlobalSection(SolutionConfigurationPlatforms) = preSolution
		Debug|Any CPU = Debug|Any CPU
		Release|Any CPU = Release|Any CPU
	EndGlobalSection
	GlobalSection(ProjectConfigurationPlatforms) = postSolution
		{415D9C4E-0509-4772-846A-882D301CB54B}.Debug|Any CPU.ActiveCfg = Debug|Any CPU
		{415D9C4E-0509-4772-846A-882D301CB54B}.Debug|Any CPU.Build.0 = Debug|Any CPU
		{415D9C4E-0509-4772-846A-882D301CB54B}.Release|Any CPU.ActiveCfg = Release|Any CPU
		{415D9C4E-0509-4772-846A-882D301CB54B}.Release|Any CPU.Build.0 = Release|Any CPU
		{B42D6A1D-AA95-4646-9BA5-A6383C0A8DFA}.Debug|Any CPU.ActiveCfg = Debug|Any CPU
		{B42D6A1D-AA95-4646-9BA5-A6383C0A8DFA}.Debug|Any CPU.Build.0 = Debug|Any CPU
		{B42D6A1D-AA95-4646-9BA5-A6383C0A8DFA}.Release|Any CPU.ActiveCfg = Release|Any CPU
		{B42D6A1D-AA95-4646-9BA5-A6383C0A8DFA}.Release|Any CPU.Build.0 = Release|Any CPU
		{031B027D-8FF1-4BCF-A62A-D975B5342645}.Debug|Any CPU.ActiveCfg = Debug|Any CPU
		{031B027D-8FF1-4BCF-A62A-D975B5342645}.Debug|Any CPU.Build.0 = Debug|Any CPU
		{031B027D-8FF1-4BCF-A62A-D975B5342645}.Release|Any CPU.ActiveCfg = Release|Any CPU
		{031B027D-8FF1-4BCF-A62A-D975B5342645}.Release|Any CPU.Build.0 = Release|Any CPU
		{6F71304C-2727-4038-BE1C-AAF7C7F3F7D7}.Debug|Any CPU.ActiveCfg = Debug|Any CPU
		{6F71304C-2727-4038-BE1C-AAF7C7F3F7D7}.Debug|Any CPU.Build.0 = Debug|Any CPU
		{6F71304C-2727-4038-BE1C-AAF7C7F3F7D7}.Release|Any CPU.ActiveCfg = Release|Any CPU
		{6F71304C-2727-4038-BE1C-AAF7C7F3F7D7}.Release|Any CPU.Build.0 = Release|Any CPU
		{C2D4E3C9-A231-4871-8D74-BD656703C296}.Debug|Any CPU.ActiveCfg = Debug|Any CPU
		{C2D4E3C9-A231-4871-8D74-BD656703C296}.Debug|Any CPU.Build.0 = Debug|Any CPU
		{C2D4E3C9-A231-4871-8D74-BD656703C296}.Release|Any CPU.ActiveCfg = Release|Any CPU
		{C2D4E3C9-A231-4871-8D74-BD656703C296}.Release|Any CPU.Build.0 = Release|Any CPU
	EndGlobalSection
	GlobalSection(SolutionProperties) = preSolution
		HideSolutionNode = FALSE
	EndGlobalSection
	GlobalSection(ExtensibilityGlobals) = postSolution
		SolutionGuid = {FE21B1B0-7B4C-4348-B869-8ED06E31D194}
	EndGlobalSection
EndGlobal
