
Microsoft Visual Studio Solution File, Format Version 12.00
# Visual Studio 15
VisualStudioVersion = 15.0.27130.2026
MinimumVisualStudioVersion = 10.0.40219.1
Project("{FAE04EC0-301F-11D3-BF4B-00C04F79EFBC}") = "FirstApp", "FirstApp\FirstApp.csproj", "{7097D851-BAAE-4D5F-8BF2-A8A51D891E21}"
EndProject
Project("{FAE04EC0-301F-11D3-BF4B-00C04F79EFBC}") = "TextBlockApp", "TextBlockApp\TextBlockApp.csproj", "{9A01BAB3-A72E-412D-991E-786544AFF6CF}"
EndProject
Project("{FAE04EC0-301F-11D3-BF4B-00C04F79EFBC}") = "TextBoxApp", "TextBoxApp\TextBoxApp.csproj", "{8FFC3839-D99F-4E55-B564-AC0827AF7218}"
EndProject
Project("{FAE04EC0-301F-11D3-BF4B-00C04F79EFBC}") = "PasswordBoxApp", "PasswordBoxApp\PasswordBoxApp.csproj", "{DBFE9099-538E-4ED5-A408-E29E7151DE9C}"
EndProject
Project("{FAE04EC0-301F-11D3-BF4B-00C04F79EFBC}") = "CheckBoxApp", "CheckBoxApp\CheckBoxApp.csproj", "{5132AF59-9B17-4CA5-9033-4A6111416C5D}"
EndProject
Project("{FAE04EC0-301F-11D3-BF4B-00C04F79EFBC}") = "RadioButtonApp", "RadioButtonApp\RadioButtonApp.csproj", "{496A3B6A-A6C1-48CE-87A7-67D188399CD6}"
EndProject
Project("{FAE04EC0-301F-11D3-BF4B-00C04F79EFBC}") = "CanvasApp", "CanvasApp\CanvasApp.csproj", "{523636FC-992F-4E2D-A723-C1E013CE15F3}"
EndProject
Project("{FAE04EC0-301F-11D3-BF4B-00C04F79EFBC}") = "DockPanelApp", "DockPanelApp\DockPanelApp.csproj", "{548FB211-8788-43B6-8EC7-2B784246AEFC}"
EndProject
Project("{FAE04EC0-301F-11D3-BF4B-00C04F79EFBC}") = "GridApp", "GridApp\GridApp.csproj", "{70BF27F6-0204-4A25-9DD0-969AF11B286D}"
EndProject
Project("{FAE04EC0-301F-11D3-BF4B-00C04F79EFBC}") = "StackPanelApp", "StackPanelApp\StackPanelApp.csproj", "{3AE01EB1-A3F3-468B-84CD-07623857D9D3}"
EndProject
Project("{2150E333-8FDC-42A3-9474-1A3956D46DE8}") = "Panel Classes", "Panel Classes", "{66B81F11-83E6-4961-B0BB-7C7FC64BA381}"
EndProject
Project("{FAE04EC0-301F-11D3-BF4B-00C04F79EFBC}") = "WrapPanelApp", "WrapPanelApp\WrapPanelApp.csproj", "{34F47927-E651-4CB6-8750-5E53875A0EAE}"
EndProject
Project("{FAE04EC0-301F-11D3-BF4B-00C04F79EFBC}") = "ContentControlApp", "ContentControlApp\ContentControlApp.csproj", "{AA8F3B3C-8A08-4DB7-AE63-40F757B90BE6}"
EndProject
Project("{FAE04EC0-301F-11D3-BF4B-00C04F79EFBC}") = "HeaderedContentControlApp", "HeaderedContentControlApp\HeaderedContentControlApp.csproj", "{8A8A3E1B-D010-42E0-8D89-4C40B1FB123E}"
EndProject
Project("{FAE04EC0-301F-11D3-BF4B-00C04F79EFBC}") = "ItemsControlApp", "ItemsControlApp\ItemsControlApp.csproj", "{50012E75-97E6-4908-B158-5638B00ADDED}"
EndProject
Project("{FAE04EC0-301F-11D3-BF4B-00C04F79EFBC}") = "FirstEventApp", "FirstEventApp\FirstEventApp.csproj", "{09BD15C7-D529-48E2-B67F-D19DAF35D888}"
EndProject
Project("{FAE04EC0-301F-11D3-BF4B-00C04F79EFBC}") = "RoutedEventCalc", "RoutedEventCalc\RoutedEventCalc.csproj", "{17CA9CE9-4F47-4B2B-8245-AA377BEE74BC}"
EndProject
Project("{FAE04EC0-301F-11D3-BF4B-00C04F79EFBC}") = "ResourcesApp", "ResourcesApp\ResourcesApp.csproj", "{C27B53CC-4B3E-4623-A3E2-041B5462AC63}"
EndProject
Project("{FAE04EC0-301F-11D3-BF4B-00C04F79EFBC}") = "ContentControlTemplateApp", "ContentControlTemplateApp\ContentControlTemplateApp.csproj", "{95C7676D-64F2-4BB4-9D58-04AB97D51193}"
EndProject
Project("{FAE04EC0-301F-11D3-BF4B-00C04F79EFBC}") = "ItemsControlTemplateApp", "ItemsControlTemplateApp\ItemsControlTemplateApp.csproj", "{0FEB3C3D-C319-43A2-BEFD-2009F55371AD}"
EndProject
Project("{FAE04EC0-301F-11D3-BF4B-00C04F79EFBC}") = "TemplateBindingApp", "TemplateBindingApp\TemplateBindingApp.csproj", "{0E9D8682-F8FB-4681-A62A-316CFF15011E}"
EndProject
Project("{FAE04EC0-301F-11D3-BF4B-00C04F79EFBC}") = "DataBindingPropApp", "DataBindingPropApp\DataBindingPropApp.csproj", "{E5C3F90D-773F-4F05-B9E4-8518FF96CB4C}"
EndProject
Project("{FAE04EC0-301F-11D3-BF4B-00C04F79EFBC}") = "DataBindingMultiPropApp", "DataBindingMultiPropApp\DataBindingMultiPropApp.csproj", "{14A1E46A-31E3-4528-8955-D6AC2828A6B3}"
EndProject
Project("{2150E333-8FDC-42A3-9474-1A3956D46DE8}") = "Resources e Templates", "Resources e Templates", "{BF64CC08-929F-4D6F-958B-960A978D56EF}"
EndProject
Project("{2150E333-8FDC-42A3-9474-1A3956D46DE8}") = "DataBinding", "DataBinding", "{9CFCE767-F6C3-4B5B-946D-62A2A1239C59}"
EndProject
Project("{FAE04EC0-301F-11D3-BF4B-00C04F79EFBC}") = "DataBindingApp", "DataBindingApp\DataBindingApp.csproj", "{42902822-A148-4F3F-950E-0F2C65301A08}"
EndProject
Project("{FAE04EC0-301F-11D3-BF4B-00C04F79EFBC}") = "BindingCollectionApp", "BindingCollectionApp\BindingCollectionApp.csproj", "{C2BEC6BA-B66A-4BF3-9794-B7BB1101F61F}"
EndProject
Project("{FAE04EC0-301F-11D3-BF4B-00C04F79EFBC}") = "VideoApp", "VideoApp\VideoApp.csproj", "{CD73FE0C-09F0-4290-84BA-91679FA40D98}"
EndProject
Project("{FAE04EC0-301F-11D3-BF4B-00C04F79EFBC}") = "VideoDrawingApp", "VideoDrawingApp\VideoDrawingApp.csproj", "{D8D3F360-F4A7-40C6-B558-EDC1676A9290}"
EndProject
Project("{2150E333-8FDC-42A3-9474-1A3956D46DE8}") = "Video Viewers", "Video Viewers", "{C567F6B4-2CE1-469D-93D7-23BE07718C19}"
EndProject
Project("{2150E333-8FDC-42A3-9474-1A3956D46DE8}") = "Document Viewers", "Document Viewers", "{7ADA3BEB-36E5-450E-9BD2-F8E02EE913E9}"
EndProject
Project("{FAE04EC0-301F-11D3-BF4B-00C04F79EFBC}") = "FixedDocumentApp", "FixedDocumentApp\FixedDocumentApp.csproj", "{F73C6406-48B5-480B-888D-24DC4399412C}"
EndProject
Project("{FAE04EC0-301F-11D3-BF4B-00C04F79EFBC}") = "FlowDocumentApp", "FlowDocumentApp\FlowDocumentApp.csproj", "{BA30A4F7-2CA0-4D9E-851D-2903F7AC9F37}"
EndProject
Project("{FAE04EC0-301F-11D3-BF4B-00C04F79EFBC}") = "MenuApp", "MenuApp\MenuApp.csproj", "{ACDFCEB9-BBE0-4EBA-BA02-BB0C206BA6BB}"
EndProject
Project("{FAE04EC0-301F-11D3-BF4B-00C04F79EFBC}") = "ToolBarApp", "ToolBarApp\ToolBarApp.csproj", "{E96488D9-3D0C-4F2B-865E-88A48E55E993}"
EndProject
Project("{FAE04EC0-301F-11D3-BF4B-00C04F79EFBC}") = "AdoApp", "AdoApp\AdoApp.csproj", "{4AE73C76-AF2E-4A93-9EC0-8F7F1FB0B482}"
EndProject
Project("{2150E333-8FDC-42A3-9474-1A3956D46DE8}") = "Database Access", "Database Access", "{FFEBA408-4483-4238-80D2-D14668798832}"
EndProject
Project("{FAE04EC0-301F-11D3-BF4B-00C04F79EFBC}") = "EntityApp", "EntityApp\EntityApp.csproj", "{EE4C4176-D2C0-46F0-9399-C5821CF55A42}"
EndProject
Project("{FAE04EC0-301F-11D3-BF4B-00C04F79EFBC}") = "MySqlEntityApp", "MySqlEntityApp\MySqlEntityApp.csproj", "{4517CF1E-C39A-4ACC-BC2F-A23B1C708D31}"
EndProject
Project("{FAE04EC0-301F-11D3-BF4B-00C04F79EFBC}") = "MultiFormsApp", "MultiFormsApp\MultiFormsApp.csproj", "{662B91CF-4C19-4240-98FD-0E96D30872E0}"
EndProject
Project("{FAE04EC0-301F-11D3-BF4B-00C04F79EFBC}") = "MultiFormsDbApp", "MultiFormsDbApp\MultiFormsDbApp.csproj", "{DE050809-25B5-4E4E-88C2-2327DBDC3D04}"
EndProject
Project("{FAE04EC0-301F-11D3-BF4B-00C04F79EFBC}") = "RibbonApp", "RibbonApp\RibbonApp.csproj", "{45D97246-0B56-4914-8217-6ED2C75FC4AF}"
EndProject
Project("{FAE04EC0-301F-11D3-BF4B-00C04F79EFBC}") = "AnimationApp", "AnimationApp\AnimationApp.csproj", "{40928519-B80A-40CC-B483-3BFF49ECF53D}"
EndProject
Project("{FAE04EC0-301F-11D3-BF4B-00C04F79EFBC}") = "ExemploFinal", "ExemploFinal\ExemploFinal.csproj", "{F5EF97CF-13CE-4511-A8E7-8AA6462330EB}"
EndProject
Global
	GlobalSection(SolutionConfigurationPlatforms) = preSolution
		Debug|Any CPU = Debug|Any CPU
		Release|Any CPU = Release|Any CPU
	EndGlobalSection
	GlobalSection(ProjectConfigurationPlatforms) = postSolution
		{7097D851-BAAE-4D5F-8BF2-A8A51D891E21}.Debug|Any CPU.ActiveCfg = Debug|Any CPU
		{7097D851-BAAE-4D5F-8BF2-A8A51D891E21}.Debug|Any CPU.Build.0 = Debug|Any CPU
		{7097D851-BAAE-4D5F-8BF2-A8A51D891E21}.Release|Any CPU.ActiveCfg = Release|Any CPU
		{7097D851-BAAE-4D5F-8BF2-A8A51D891E21}.Release|Any CPU.Build.0 = Release|Any CPU
		{9A01BAB3-A72E-412D-991E-786544AFF6CF}.Debug|Any CPU.ActiveCfg = Debug|Any CPU
		{9A01BAB3-A72E-412D-991E-786544AFF6CF}.Debug|Any CPU.Build.0 = Debug|Any CPU
		{9A01BAB3-A72E-412D-991E-786544AFF6CF}.Release|Any CPU.ActiveCfg = Release|Any CPU
		{9A01BAB3-A72E-412D-991E-786544AFF6CF}.Release|Any CPU.Build.0 = Release|Any CPU
		{8FFC3839-D99F-4E55-B564-AC0827AF7218}.Debug|Any CPU.ActiveCfg = Debug|Any CPU
		{8FFC3839-D99F-4E55-B564-AC0827AF7218}.Debug|Any CPU.Build.0 = Debug|Any CPU
		{8FFC3839-D99F-4E55-B564-AC0827AF7218}.Release|Any CPU.ActiveCfg = Release|Any CPU
		{8FFC3839-D99F-4E55-B564-AC0827AF7218}.Release|Any CPU.Build.0 = Release|Any CPU
		{DBFE9099-538E-4ED5-A408-E29E7151DE9C}.Debug|Any CPU.ActiveCfg = Debug|Any CPU
		{DBFE9099-538E-4ED5-A408-E29E7151DE9C}.Debug|Any CPU.Build.0 = Debug|Any CPU
		{DBFE9099-538E-4ED5-A408-E29E7151DE9C}.Release|Any CPU.ActiveCfg = Release|Any CPU
		{DBFE9099-538E-4ED5-A408-E29E7151DE9C}.Release|Any CPU.Build.0 = Release|Any CPU
		{5132AF59-9B17-4CA5-9033-4A6111416C5D}.Debug|Any CPU.ActiveCfg = Debug|Any CPU
		{5132AF59-9B17-4CA5-9033-4A6111416C5D}.Debug|Any CPU.Build.0 = Debug|Any CPU
		{5132AF59-9B17-4CA5-9033-4A6111416C5D}.Release|Any CPU.ActiveCfg = Release|Any CPU
		{5132AF59-9B17-4CA5-9033-4A6111416C5D}.Release|Any CPU.Build.0 = Release|Any CPU
		{496A3B6A-A6C1-48CE-87A7-67D188399CD6}.Debug|Any CPU.ActiveCfg = Debug|Any CPU
		{496A3B6A-A6C1-48CE-87A7-67D188399CD6}.Debug|Any CPU.Build.0 = Debug|Any CPU
		{496A3B6A-A6C1-48CE-87A7-67D188399CD6}.Release|Any CPU.ActiveCfg = Release|Any CPU
		{496A3B6A-A6C1-48CE-87A7-67D188399CD6}.Release|Any CPU.Build.0 = Release|Any CPU
		{523636FC-992F-4E2D-A723-C1E013CE15F3}.Debug|Any CPU.ActiveCfg = Debug|Any CPU
		{523636FC-992F-4E2D-A723-C1E013CE15F3}.Debug|Any CPU.Build.0 = Debug|Any CPU
		{523636FC-992F-4E2D-A723-C1E013CE15F3}.Release|Any CPU.ActiveCfg = Release|Any CPU
		{523636FC-992F-4E2D-A723-C1E013CE15F3}.Release|Any CPU.Build.0 = Release|Any CPU
		{548FB211-8788-43B6-8EC7-2B784246AEFC}.Debug|Any CPU.ActiveCfg = Debug|Any CPU
		{548FB211-8788-43B6-8EC7-2B784246AEFC}.Debug|Any CPU.Build.0 = Debug|Any CPU
		{548FB211-8788-43B6-8EC7-2B784246AEFC}.Release|Any CPU.ActiveCfg = Release|Any CPU
		{548FB211-8788-43B6-8EC7-2B784246AEFC}.Release|Any CPU.Build.0 = Release|Any CPU
		{70BF27F6-0204-4A25-9DD0-969AF11B286D}.Debug|Any CPU.ActiveCfg = Debug|Any CPU
		{70BF27F6-0204-4A25-9DD0-969AF11B286D}.Debug|Any CPU.Build.0 = Debug|Any CPU
		{70BF27F6-0204-4A25-9DD0-969AF11B286D}.Release|Any CPU.ActiveCfg = Release|Any CPU
		{70BF27F6-0204-4A25-9DD0-969AF11B286D}.Release|Any CPU.Build.0 = Release|Any CPU
		{3AE01EB1-A3F3-468B-84CD-07623857D9D3}.Debug|Any CPU.ActiveCfg = Debug|Any CPU
		{3AE01EB1-A3F3-468B-84CD-07623857D9D3}.Debug|Any CPU.Build.0 = Debug|Any CPU
		{3AE01EB1-A3F3-468B-84CD-07623857D9D3}.Release|Any CPU.ActiveCfg = Release|Any CPU
		{3AE01EB1-A3F3-468B-84CD-07623857D9D3}.Release|Any CPU.Build.0 = Release|Any CPU
		{34F47927-E651-4CB6-8750-5E53875A0EAE}.Debug|Any CPU.ActiveCfg = Debug|Any CPU
		{34F47927-E651-4CB6-8750-5E53875A0EAE}.Debug|Any CPU.Build.0 = Debug|Any CPU
		{34F47927-E651-4CB6-8750-5E53875A0EAE}.Release|Any CPU.ActiveCfg = Release|Any CPU
		{34F47927-E651-4CB6-8750-5E53875A0EAE}.Release|Any CPU.Build.0 = Release|Any CPU
		{AA8F3B3C-8A08-4DB7-AE63-40F757B90BE6}.Debug|Any CPU.ActiveCfg = Debug|Any CPU
		{AA8F3B3C-8A08-4DB7-AE63-40F757B90BE6}.Debug|Any CPU.Build.0 = Debug|Any CPU
		{AA8F3B3C-8A08-4DB7-AE63-40F757B90BE6}.Release|Any CPU.ActiveCfg = Release|Any CPU
		{AA8F3B3C-8A08-4DB7-AE63-40F757B90BE6}.Release|Any CPU.Build.0 = Release|Any CPU
		{8A8A3E1B-D010-42E0-8D89-4C40B1FB123E}.Debug|Any CPU.ActiveCfg = Debug|Any CPU
		{8A8A3E1B-D010-42E0-8D89-4C40B1FB123E}.Debug|Any CPU.Build.0 = Debug|Any CPU
		{8A8A3E1B-D010-42E0-8D89-4C40B1FB123E}.Release|Any CPU.ActiveCfg = Release|Any CPU
		{8A8A3E1B-D010-42E0-8D89-4C40B1FB123E}.Release|Any CPU.Build.0 = Release|Any CPU
		{50012E75-97E6-4908-B158-5638B00ADDED}.Debug|Any CPU.ActiveCfg = Debug|Any CPU
		{50012E75-97E6-4908-B158-5638B00ADDED}.Debug|Any CPU.Build.0 = Debug|Any CPU
		{50012E75-97E6-4908-B158-5638B00ADDED}.Release|Any CPU.ActiveCfg = Release|Any CPU
		{50012E75-97E6-4908-B158-5638B00ADDED}.Release|Any CPU.Build.0 = Release|Any CPU
		{09BD15C7-D529-48E2-B67F-D19DAF35D888}.Debug|Any CPU.ActiveCfg = Debug|Any CPU
		{09BD15C7-D529-48E2-B67F-D19DAF35D888}.Debug|Any CPU.Build.0 = Debug|Any CPU
		{09BD15C7-D529-48E2-B67F-D19DAF35D888}.Release|Any CPU.ActiveCfg = Release|Any CPU
		{09BD15C7-D529-48E2-B67F-D19DAF35D888}.Release|Any CPU.Build.0 = Release|Any CPU
		{17CA9CE9-4F47-4B2B-8245-AA377BEE74BC}.Debug|Any CPU.ActiveCfg = Debug|Any CPU
		{17CA9CE9-4F47-4B2B-8245-AA377BEE74BC}.Debug|Any CPU.Build.0 = Debug|Any CPU
		{17CA9CE9-4F47-4B2B-8245-AA377BEE74BC}.Release|Any CPU.ActiveCfg = Release|Any CPU
		{17CA9CE9-4F47-4B2B-8245-AA377BEE74BC}.Release|Any CPU.Build.0 = Release|Any CPU
		{C27B53CC-4B3E-4623-A3E2-041B5462AC63}.Debug|Any CPU.ActiveCfg = Debug|Any CPU
		{C27B53CC-4B3E-4623-A3E2-041B5462AC63}.Debug|Any CPU.Build.0 = Debug|Any CPU
		{C27B53CC-4B3E-4623-A3E2-041B5462AC63}.Release|Any CPU.ActiveCfg = Release|Any CPU
		{C27B53CC-4B3E-4623-A3E2-041B5462AC63}.Release|Any CPU.Build.0 = Release|Any CPU
		{95C7676D-64F2-4BB4-9D58-04AB97D51193}.Debug|Any CPU.ActiveCfg = Debug|Any CPU
		{95C7676D-64F2-4BB4-9D58-04AB97D51193}.Debug|Any CPU.Build.0 = Debug|Any CPU
		{95C7676D-64F2-4BB4-9D58-04AB97D51193}.Release|Any CPU.ActiveCfg = Release|Any CPU
		{95C7676D-64F2-4BB4-9D58-04AB97D51193}.Release|Any CPU.Build.0 = Release|Any CPU
		{0FEB3C3D-C319-43A2-BEFD-2009F55371AD}.Debug|Any CPU.ActiveCfg = Debug|Any CPU
		{0FEB3C3D-C319-43A2-BEFD-2009F55371AD}.Debug|Any CPU.Build.0 = Debug|Any CPU
		{0FEB3C3D-C319-43A2-BEFD-2009F55371AD}.Release|Any CPU.ActiveCfg = Release|Any CPU
		{0FEB3C3D-C319-43A2-BEFD-2009F55371AD}.Release|Any CPU.Build.0 = Release|Any CPU
		{0E9D8682-F8FB-4681-A62A-316CFF15011E}.Debug|Any CPU.ActiveCfg = Debug|Any CPU
		{0E9D8682-F8FB-4681-A62A-316CFF15011E}.Debug|Any CPU.Build.0 = Debug|Any CPU
		{0E9D8682-F8FB-4681-A62A-316CFF15011E}.Release|Any CPU.ActiveCfg = Release|Any CPU
		{0E9D8682-F8FB-4681-A62A-316CFF15011E}.Release|Any CPU.Build.0 = Release|Any CPU
		{E5C3F90D-773F-4F05-B9E4-8518FF96CB4C}.Debug|Any CPU.ActiveCfg = Debug|Any CPU
		{E5C3F90D-773F-4F05-B9E4-8518FF96CB4C}.Debug|Any CPU.Build.0 = Debug|Any CPU
		{E5C3F90D-773F-4F05-B9E4-8518FF96CB4C}.Release|Any CPU.ActiveCfg = Release|Any CPU
		{E5C3F90D-773F-4F05-B9E4-8518FF96CB4C}.Release|Any CPU.Build.0 = Release|Any CPU
		{14A1E46A-31E3-4528-8955-D6AC2828A6B3}.Debug|Any CPU.ActiveCfg = Debug|Any CPU
		{14A1E46A-31E3-4528-8955-D6AC2828A6B3}.Debug|Any CPU.Build.0 = Debug|Any CPU
		{14A1E46A-31E3-4528-8955-D6AC2828A6B3}.Release|Any CPU.ActiveCfg = Release|Any CPU
		{14A1E46A-31E3-4528-8955-D6AC2828A6B3}.Release|Any CPU.Build.0 = Release|Any CPU
		{42902822-A148-4F3F-950E-0F2C65301A08}.Debug|Any CPU.ActiveCfg = Debug|Any CPU
		{42902822-A148-4F3F-950E-0F2C65301A08}.Debug|Any CPU.Build.0 = Debug|Any CPU
		{42902822-A148-4F3F-950E-0F2C65301A08}.Release|Any CPU.ActiveCfg = Release|Any CPU
		{42902822-A148-4F3F-950E-0F2C65301A08}.Release|Any CPU.Build.0 = Release|Any CPU
		{C2BEC6BA-B66A-4BF3-9794-B7BB1101F61F}.Debug|Any CPU.ActiveCfg = Debug|Any CPU
		{C2BEC6BA-B66A-4BF3-9794-B7BB1101F61F}.Debug|Any CPU.Build.0 = Debug|Any CPU
		{C2BEC6BA-B66A-4BF3-9794-B7BB1101F61F}.Release|Any CPU.ActiveCfg = Release|Any CPU
		{C2BEC6BA-B66A-4BF3-9794-B7BB1101F61F}.Release|Any CPU.Build.0 = Release|Any CPU
		{CD73FE0C-09F0-4290-84BA-91679FA40D98}.Debug|Any CPU.ActiveCfg = Debug|Any CPU
		{CD73FE0C-09F0-4290-84BA-91679FA40D98}.Debug|Any CPU.Build.0 = Debug|Any CPU
		{CD73FE0C-09F0-4290-84BA-91679FA40D98}.Release|Any CPU.ActiveCfg = Release|Any CPU
		{CD73FE0C-09F0-4290-84BA-91679FA40D98}.Release|Any CPU.Build.0 = Release|Any CPU
		{D8D3F360-F4A7-40C6-B558-EDC1676A9290}.Debug|Any CPU.ActiveCfg = Debug|Any CPU
		{D8D3F360-F4A7-40C6-B558-EDC1676A9290}.Debug|Any CPU.Build.0 = Debug|Any CPU
		{D8D3F360-F4A7-40C6-B558-EDC1676A9290}.Release|Any CPU.ActiveCfg = Release|Any CPU
		{D8D3F360-F4A7-40C6-B558-EDC1676A9290}.Release|Any CPU.Build.0 = Release|Any CPU
		{F73C6406-48B5-480B-888D-24DC4399412C}.Debug|Any CPU.ActiveCfg = Debug|Any CPU
		{F73C6406-48B5-480B-888D-24DC4399412C}.Debug|Any CPU.Build.0 = Debug|Any CPU
		{F73C6406-48B5-480B-888D-24DC4399412C}.Release|Any CPU.ActiveCfg = Release|Any CPU
		{F73C6406-48B5-480B-888D-24DC4399412C}.Release|Any CPU.Build.0 = Release|Any CPU
		{BA30A4F7-2CA0-4D9E-851D-2903F7AC9F37}.Debug|Any CPU.ActiveCfg = Debug|Any CPU
		{BA30A4F7-2CA0-4D9E-851D-2903F7AC9F37}.Debug|Any CPU.Build.0 = Debug|Any CPU
		{BA30A4F7-2CA0-4D9E-851D-2903F7AC9F37}.Release|Any CPU.ActiveCfg = Release|Any CPU
		{BA30A4F7-2CA0-4D9E-851D-2903F7AC9F37}.Release|Any CPU.Build.0 = Release|Any CPU
		{ACDFCEB9-BBE0-4EBA-BA02-BB0C206BA6BB}.Debug|Any CPU.ActiveCfg = Debug|Any CPU
		{ACDFCEB9-BBE0-4EBA-BA02-BB0C206BA6BB}.Debug|Any CPU.Build.0 = Debug|Any CPU
		{ACDFCEB9-BBE0-4EBA-BA02-BB0C206BA6BB}.Release|Any CPU.ActiveCfg = Release|Any CPU
		{ACDFCEB9-BBE0-4EBA-BA02-BB0C206BA6BB}.Release|Any CPU.Build.0 = Release|Any CPU
		{E96488D9-3D0C-4F2B-865E-88A48E55E993}.Debug|Any CPU.ActiveCfg = Debug|Any CPU
		{E96488D9-3D0C-4F2B-865E-88A48E55E993}.Debug|Any CPU.Build.0 = Debug|Any CPU
		{E96488D9-3D0C-4F2B-865E-88A48E55E993}.Release|Any CPU.ActiveCfg = Release|Any CPU
		{E96488D9-3D0C-4F2B-865E-88A48E55E993}.Release|Any CPU.Build.0 = Release|Any CPU
		{4AE73C76-AF2E-4A93-9EC0-8F7F1FB0B482}.Debug|Any CPU.ActiveCfg = Debug|Any CPU
		{4AE73C76-AF2E-4A93-9EC0-8F7F1FB0B482}.Debug|Any CPU.Build.0 = Debug|Any CPU
		{4AE73C76-AF2E-4A93-9EC0-8F7F1FB0B482}.Release|Any CPU.ActiveCfg = Release|Any CPU
		{4AE73C76-AF2E-4A93-9EC0-8F7F1FB0B482}.Release|Any CPU.Build.0 = Release|Any CPU
		{EE4C4176-D2C0-46F0-9399-C5821CF55A42}.Debug|Any CPU.ActiveCfg = Debug|Any CPU
		{EE4C4176-D2C0-46F0-9399-C5821CF55A42}.Debug|Any CPU.Build.0 = Debug|Any CPU
		{EE4C4176-D2C0-46F0-9399-C5821CF55A42}.Release|Any CPU.ActiveCfg = Release|Any CPU
		{EE4C4176-D2C0-46F0-9399-C5821CF55A42}.Release|Any CPU.Build.0 = Release|Any CPU
		{4517CF1E-C39A-4ACC-BC2F-A23B1C708D31}.Debug|Any CPU.ActiveCfg = Debug|Any CPU
		{4517CF1E-C39A-4ACC-BC2F-A23B1C708D31}.Debug|Any CPU.Build.0 = Debug|Any CPU
		{4517CF1E-C39A-4ACC-BC2F-A23B1C708D31}.Release|Any CPU.ActiveCfg = Release|Any CPU
		{4517CF1E-C39A-4ACC-BC2F-A23B1C708D31}.Release|Any CPU.Build.0 = Release|Any CPU
		{662B91CF-4C19-4240-98FD-0E96D30872E0}.Debug|Any CPU.ActiveCfg = Debug|Any CPU
		{662B91CF-4C19-4240-98FD-0E96D30872E0}.Debug|Any CPU.Build.0 = Debug|Any CPU
		{662B91CF-4C19-4240-98FD-0E96D30872E0}.Release|Any CPU.ActiveCfg = Release|Any CPU
		{662B91CF-4C19-4240-98FD-0E96D30872E0}.Release|Any CPU.Build.0 = Release|Any CPU
		{DE050809-25B5-4E4E-88C2-2327DBDC3D04}.Debug|Any CPU.ActiveCfg = Debug|Any CPU
		{DE050809-25B5-4E4E-88C2-2327DBDC3D04}.Debug|Any CPU.Build.0 = Debug|Any CPU
		{DE050809-25B5-4E4E-88C2-2327DBDC3D04}.Release|Any CPU.ActiveCfg = Release|Any CPU
		{DE050809-25B5-4E4E-88C2-2327DBDC3D04}.Release|Any CPU.Build.0 = Release|Any CPU
		{45D97246-0B56-4914-8217-6ED2C75FC4AF}.Debug|Any CPU.ActiveCfg = Debug|Any CPU
		{45D97246-0B56-4914-8217-6ED2C75FC4AF}.Debug|Any CPU.Build.0 = Debug|Any CPU
		{45D97246-0B56-4914-8217-6ED2C75FC4AF}.Release|Any CPU.ActiveCfg = Release|Any CPU
		{45D97246-0B56-4914-8217-6ED2C75FC4AF}.Release|Any CPU.Build.0 = Release|Any CPU
		{40928519-B80A-40CC-B483-3BFF49ECF53D}.Debug|Any CPU.ActiveCfg = Debug|Any CPU
		{40928519-B80A-40CC-B483-3BFF49ECF53D}.Debug|Any CPU.Build.0 = Debug|Any CPU
		{40928519-B80A-40CC-B483-3BFF49ECF53D}.Release|Any CPU.ActiveCfg = Release|Any CPU
		{40928519-B80A-40CC-B483-3BFF49ECF53D}.Release|Any CPU.Build.0 = Release|Any CPU
		{F5EF97CF-13CE-4511-A8E7-8AA6462330EB}.Debug|Any CPU.ActiveCfg = Debug|Any CPU
		{F5EF97CF-13CE-4511-A8E7-8AA6462330EB}.Debug|Any CPU.Build.0 = Debug|Any CPU
		{F5EF97CF-13CE-4511-A8E7-8AA6462330EB}.Release|Any CPU.ActiveCfg = Release|Any CPU
		{F5EF97CF-13CE-4511-A8E7-8AA6462330EB}.Release|Any CPU.Build.0 = Release|Any CPU
	EndGlobalSection
	GlobalSection(SolutionProperties) = preSolution
		HideSolutionNode = FALSE
	EndGlobalSection
	GlobalSection(NestedProjects) = preSolution
		{523636FC-992F-4E2D-A723-C1E013CE15F3} = {66B81F11-83E6-4961-B0BB-7C7FC64BA381}
		{548FB211-8788-43B6-8EC7-2B784246AEFC} = {66B81F11-83E6-4961-B0BB-7C7FC64BA381}
		{70BF27F6-0204-4A25-9DD0-969AF11B286D} = {66B81F11-83E6-4961-B0BB-7C7FC64BA381}
		{3AE01EB1-A3F3-468B-84CD-07623857D9D3} = {66B81F11-83E6-4961-B0BB-7C7FC64BA381}
		{34F47927-E651-4CB6-8750-5E53875A0EAE} = {66B81F11-83E6-4961-B0BB-7C7FC64BA381}
		{C27B53CC-4B3E-4623-A3E2-041B5462AC63} = {BF64CC08-929F-4D6F-958B-960A978D56EF}
		{95C7676D-64F2-4BB4-9D58-04AB97D51193} = {BF64CC08-929F-4D6F-958B-960A978D56EF}
		{0FEB3C3D-C319-43A2-BEFD-2009F55371AD} = {BF64CC08-929F-4D6F-958B-960A978D56EF}
		{0E9D8682-F8FB-4681-A62A-316CFF15011E} = {BF64CC08-929F-4D6F-958B-960A978D56EF}
		{E5C3F90D-773F-4F05-B9E4-8518FF96CB4C} = {9CFCE767-F6C3-4B5B-946D-62A2A1239C59}
		{14A1E46A-31E3-4528-8955-D6AC2828A6B3} = {9CFCE767-F6C3-4B5B-946D-62A2A1239C59}
		{42902822-A148-4F3F-950E-0F2C65301A08} = {9CFCE767-F6C3-4B5B-946D-62A2A1239C59}
		{C2BEC6BA-B66A-4BF3-9794-B7BB1101F61F} = {9CFCE767-F6C3-4B5B-946D-62A2A1239C59}
		{CD73FE0C-09F0-4290-84BA-91679FA40D98} = {C567F6B4-2CE1-469D-93D7-23BE07718C19}
		{D8D3F360-F4A7-40C6-B558-EDC1676A9290} = {C567F6B4-2CE1-469D-93D7-23BE07718C19}
		{F73C6406-48B5-480B-888D-24DC4399412C} = {7ADA3BEB-36E5-450E-9BD2-F8E02EE913E9}
		{BA30A4F7-2CA0-4D9E-851D-2903F7AC9F37} = {7ADA3BEB-36E5-450E-9BD2-F8E02EE913E9}
		{4AE73C76-AF2E-4A93-9EC0-8F7F1FB0B482} = {FFEBA408-4483-4238-80D2-D14668798832}
		{EE4C4176-D2C0-46F0-9399-C5821CF55A42} = {FFEBA408-4483-4238-80D2-D14668798832}
		{4517CF1E-C39A-4ACC-BC2F-A23B1C708D31} = {FFEBA408-4483-4238-80D2-D14668798832}
	EndGlobalSection
	GlobalSection(ExtensibilityGlobals) = postSolution
		SolutionGuid = {3E6A55BD-7750-489B-8CB8-DBEAC6DE83EC}
	EndGlobalSection
EndGlobal
