
Microsoft Visual Studio Solution File, Format Version 12.00
# Visual Studio 15
VisualStudioVersion = 15.0.27130.2026
MinimumVisualStudioVersion = 10.0.40219.1
Project("{FAE04EC0-301F-11D3-BF4B-00C04F79EFBC}") = "1Introducao", "1Introducao\1Introducao.csproj", "{EFF26633-7153-4586-BC61-50CDA8FD010E}"
EndProject
Project("{FAE04EC0-301F-11D3-BF4B-00C04F79EFBC}") = "2Agrupamento", "2Agrupamento\2Agrupamento.csproj", "{7C0253D8-2E0E-4FE2-893D-C3BD6EDEA7B9}"
EndProject
Project("{FAE04EC0-301F-11D3-BF4B-00C04F79EFBC}") = "3Associacoes", "3Associacoes\3Associacoes.csproj", "{FC02096D-02ED-48A3-8EDD-EC94FEC5384F}"
EndProject
Project("{FAE04EC0-301F-11D3-BF4B-00C04F79EFBC}") = "4Sintaxes", "4Sintaxes\4Sintaxes.csproj", "{C6601DE3-185A-4CC1-98BF-CC61DF6D2409}"
EndProject
Project("{FAE04EC0-301F-11D3-BF4B-00C04F79EFBC}") = "5LambdaExpressions", "5LambdaExpressions\5LambdaExpressions.csproj", "{741E17AE-1B63-4C6B-96D4-00D9DDC4EF29}"
EndProject
Project("{FAE04EC0-301F-11D3-BF4B-00C04F79EFBC}") = "6LinqToObjects", "6LinqToObjects\6LinqToObjects.csproj", "{F1F8C05A-B6DC-495D-88C7-5B8AA461D367}"
EndProject
Project("{FAE04EC0-301F-11D3-BF4B-00C04F79EFBC}") = "7ConsultasSystemIO", "7ConsultasSystemIO\7ConsultasSystemIO.csproj", "{8FBC0332-D360-4077-8C01-E364E5569EF6}"
EndProject
Project("{FAE04EC0-301F-11D3-BF4B-00C04F79EFBC}") = "8LinqToXml", "8LinqToXml\8LinqToXml.csproj", "{F7E285A3-4084-4600-9CF7-6743BF9D017E}"
EndProject
Project("{FAE04EC0-301F-11D3-BF4B-00C04F79EFBC}") = "9LinqToDataSet", "9LinqToDataSet\9LinqToDataSet.csproj", "{36E42AEA-A925-4E25-B47B-36C7667C1656}"
EndProject
Project("{FAE04EC0-301F-11D3-BF4B-00C04F79EFBC}") = "10LinqToSql", "10LinqToSql\10LinqToSql.csproj", "{AEF9EB22-DF49-4CAB-84E3-B31CDEA31005}"
EndProject
Global
	GlobalSection(SolutionConfigurationPlatforms) = preSolution
		Debug|Any CPU = Debug|Any CPU
		Release|Any CPU = Release|Any CPU
	EndGlobalSection
	GlobalSection(ProjectConfigurationPlatforms) = postSolution
		{EFF26633-7153-4586-BC61-50CDA8FD010E}.Debug|Any CPU.ActiveCfg = Debug|Any CPU
		{EFF26633-7153-4586-BC61-50CDA8FD010E}.Debug|Any CPU.Build.0 = Debug|Any CPU
		{EFF26633-7153-4586-BC61-50CDA8FD010E}.Release|Any CPU.ActiveCfg = Release|Any CPU
		{EFF26633-7153-4586-BC61-50CDA8FD010E}.Release|Any CPU.Build.0 = Release|Any CPU
		{7C0253D8-2E0E-4FE2-893D-C3BD6EDEA7B9}.Debug|Any CPU.ActiveCfg = Debug|Any CPU
		{7C0253D8-2E0E-4FE2-893D-C3BD6EDEA7B9}.Debug|Any CPU.Build.0 = Debug|Any CPU
		{7C0253D8-2E0E-4FE2-893D-C3BD6EDEA7B9}.Release|Any CPU.ActiveCfg = Release|Any CPU
		{7C0253D8-2E0E-4FE2-893D-C3BD6EDEA7B9}.Release|Any CPU.Build.0 = Release|Any CPU
		{FC02096D-02ED-48A3-8EDD-EC94FEC5384F}.Debug|Any CPU.ActiveCfg = Debug|Any CPU
		{FC02096D-02ED-48A3-8EDD-EC94FEC5384F}.Debug|Any CPU.Build.0 = Debug|Any CPU
		{FC02096D-02ED-48A3-8EDD-EC94FEC5384F}.Release|Any CPU.ActiveCfg = Release|Any CPU
		{FC02096D-02ED-48A3-8EDD-EC94FEC5384F}.Release|Any CPU.Build.0 = Release|Any CPU
		{C6601DE3-185A-4CC1-98BF-CC61DF6D2409}.Debug|Any CPU.ActiveCfg = Debug|Any CPU
		{C6601DE3-185A-4CC1-98BF-CC61DF6D2409}.Debug|Any CPU.Build.0 = Debug|Any CPU
		{C6601DE3-185A-4CC1-98BF-CC61DF6D2409}.Release|Any CPU.ActiveCfg = Release|Any CPU
		{C6601DE3-185A-4CC1-98BF-CC61DF6D2409}.Release|Any CPU.Build.0 = Release|Any CPU
		{741E17AE-1B63-4C6B-96D4-00D9DDC4EF29}.Debug|Any CPU.ActiveCfg = Debug|Any CPU
		{741E17AE-1B63-4C6B-96D4-00D9DDC4EF29}.Debug|Any CPU.Build.0 = Debug|Any CPU
		{741E17AE-1B63-4C6B-96D4-00D9DDC4EF29}.Release|Any CPU.ActiveCfg = Release|Any CPU
		{741E17AE-1B63-4C6B-96D4-00D9DDC4EF29}.Release|Any CPU.Build.0 = Release|Any CPU
		{F1F8C05A-B6DC-495D-88C7-5B8AA461D367}.Debug|Any CPU.ActiveCfg = Debug|Any CPU
		{F1F8C05A-B6DC-495D-88C7-5B8AA461D367}.Debug|Any CPU.Build.0 = Debug|Any CPU
		{F1F8C05A-B6DC-495D-88C7-5B8AA461D367}.Release|Any CPU.ActiveCfg = Release|Any CPU
		{F1F8C05A-B6DC-495D-88C7-5B8AA461D367}.Release|Any CPU.Build.0 = Release|Any CPU
		{8FBC0332-D360-4077-8C01-E364E5569EF6}.Debug|Any CPU.ActiveCfg = Debug|Any CPU
		{8FBC0332-D360-4077-8C01-E364E5569EF6}.Debug|Any CPU.Build.0 = Debug|Any CPU
		{8FBC0332-D360-4077-8C01-E364E5569EF6}.Release|Any CPU.ActiveCfg = Release|Any CPU
		{8FBC0332-D360-4077-8C01-E364E5569EF6}.Release|Any CPU.Build.0 = Release|Any CPU
		{F7E285A3-4084-4600-9CF7-6743BF9D017E}.Debug|Any CPU.ActiveCfg = Debug|Any CPU
		{F7E285A3-4084-4600-9CF7-6743BF9D017E}.Debug|Any CPU.Build.0 = Debug|Any CPU
		{F7E285A3-4084-4600-9CF7-6743BF9D017E}.Release|Any CPU.ActiveCfg = Release|Any CPU
		{F7E285A3-4084-4600-9CF7-6743BF9D017E}.Release|Any CPU.Build.0 = Release|Any CPU
		{36E42AEA-A925-4E25-B47B-36C7667C1656}.Debug|Any CPU.ActiveCfg = Debug|Any CPU
		{36E42AEA-A925-4E25-B47B-36C7667C1656}.Debug|Any CPU.Build.0 = Debug|Any CPU
		{36E42AEA-A925-4E25-B47B-36C7667C1656}.Release|Any CPU.ActiveCfg = Release|Any CPU
		{36E42AEA-A925-4E25-B47B-36C7667C1656}.Release|Any CPU.Build.0 = Release|Any CPU
		{AEF9EB22-DF49-4CAB-84E3-B31CDEA31005}.Debug|Any CPU.ActiveCfg = Debug|Any CPU
		{AEF9EB22-DF49-4CAB-84E3-B31CDEA31005}.Debug|Any CPU.Build.0 = Debug|Any CPU
		{AEF9EB22-DF49-4CAB-84E3-B31CDEA31005}.Release|Any CPU.ActiveCfg = Release|Any CPU
		{AEF9EB22-DF49-4CAB-84E3-B31CDEA31005}.Release|Any CPU.Build.0 = Release|Any CPU
	EndGlobalSection
	GlobalSection(SolutionProperties) = preSolution
		HideSolutionNode = FALSE
	EndGlobalSection
	GlobalSection(ExtensibilityGlobals) = postSolution
		SolutionGuid = {EAB79047-EB8D-4B53-B297-40932F5F605B}
	EndGlobalSection
EndGlobal
